# THIS IS AN AUTOGENERATED FILE. DO NOT EDIT THIS FILE DIRECTLY.
# yarn lockfile v1


alamode@^3.0.0:
  version "3.0.0"
  resolved "https://registry.yarnpkg.com/alamode/-/alamode-3.0.0.tgz#d83b1939cdb823665b850f4ee1d2255be854d058"
  integrity sha512-rKxzjI4FG2dDrL13xGdvEUmLsaz3TUwm5/JwRzJ+5AhXs5pI/tGbsvmvJ9rHtkPTpMXfj4sf1RFZGmgbFIhBFg==

documentary@^1.33.3:
  version "1.33.3"
  resolved "https://registry.yarnpkg.com/documentary/-/documentary-1.33.3.tgz#b8e93d2a612f817e4c430e7287e5fd16871f001a"
  integrity sha512-fUlrM9FZXuFNgyxk6ZyrIQBJI0XANw/ZZLNcihZpBDUDo42GxMEmn9R627EINM12pz0YeU+xgnD0y4LrURT0vQ==
  dependencies:
    alamode "^3.0.0"
    preact "8.5.2"
    typal "^1.22.6"

preact@8.5.2:
  version "8.5.2"
  resolved "https://registry.yarnpkg.com/preact/-/preact-8.5.2.tgz#2f532da485287c07369e08150cf4d23921a09789"
  integrity sha512-37tlDJGq5IQKqGUbqPZ7qPtsTOWFyxe+ojAOFfzKo0dEPreenqrqgJuS83zGpeGAqD9h9L9Yr7QuxH2W4ZrKxg==

typal@^1.22.6:
  version "1.22.6"
  resolved "https://registry.yarnpkg.com/typal/-/typal-1.22.6.tgz#c3162f5f19e91ad6d830375220e6552fcb4a0936"
  integrity sha512-N6tkgC/r7OXwH0/hEFNRH6S/7zPfMXJU45w78KGgy8JLbt3lAbWPd4NWUZjQt6o2id23P34KeHSmNR4ddI/zZQ==
